
Microsoft Visual Studio Solution File, Format Version 12.00
# Visual Studio 15
VisualStudioVersion = 15.0.27130.2036
MinimumVisualStudioVersion = 10.0.40219.1
Project("{FAE04EC0-301F-11D3-BF4B-00C04F79EFBC}") = "PG2", "PG2.csproj", "{3D57F36D-64C8-401E-AD5F-DBED3616C037}"
EndProject
Global
	GlobalSection(SolutionConfigurationPlatforms) = preSolution
		Debug|Any CPU = Debug|Any CPU
		Release|Any CPU = Release|Any CPU
	EndGlobalSection
	GlobalSection(ProjectConfigurationPlatforms) = postSolution
		{3D57F36D-64C8-401E-AD5F-DBED3616C037}.Debug|Any CPU.ActiveCfg = Debug|Any CPU
		{3D57F36D-64C8-401E-AD5F-DBED3616C037}.Debug|Any CPU.Build.0 = Debug|Any CPU
		{3D57F36D-64C8-401E-AD5F-DBED3616C037}.Release|Any CPU.ActiveCfg = Release|Any CPU
		{3D57F36D-64C8-401E-AD5F-DBED3616C037}.Release|Any CPU.Build.0 = Release|Any CPU
	EndGlobalSection
	GlobalSection(SolutionProperties) = preSolution
		HideSolutionNode = FALSE
	EndGlobalSection
	GlobalSection(ExtensibilityGlobals) = postSolution
		SolutionGuid = {D021D6A7-C522-4135-BA37-D2DCA3305B49}
	EndGlobalSection
EndGlobal
